
Microsoft Visual Studio Solution File, Format Version 12.00
# Visual Studio 15
VisualStudioVersion = 15.0.28010.2041
MinimumVisualStudioVersion = 10.0.40219.1
Project("{F2A71F9B-5D33-465A-A702-920D77279786}") = "FizzBuzz", "FizzBuzz\FizzBuzz.fsproj", "{ACF63725-F9B3-4F61-89E5-BD2F6EE83896}"
EndProject
Global
	GlobalSection(SolutionConfigurationPlatforms) = preSolution
		Debug|Any CPU = Debug|Any CPU
		Release|Any CPU = Release|Any CPU
	EndGlobalSection
	GlobalSection(ProjectConfigurationPlatforms) = postSolution
		{ACF63725-F9B3-4F61-89E5-BD2F6EE83896}.Debug|Any CPU.ActiveCfg = Debug|Any CPU
		{ACF63725-F9B3-4F61-89E5-BD2F6EE83896}.Debug|Any CPU.Build.0 = Debug|Any CPU
		{ACF63725-F9B3-4F61-89E5-BD2F6EE83896}.Release|Any CPU.ActiveCfg = Release|Any CPU
		{ACF63725-F9B3-4F61-89E5-BD2F6EE83896}.Release|Any CPU.Build.0 = Release|Any CPU
	EndGlobalSection
	GlobalSection(SolutionProperties) = preSolution
		HideSolutionNode = FALSE
	EndGlobalSection
	GlobalSection(ExtensibilityGlobals) = postSolution
		SolutionGuid = {D1907DB7-CF71-419E-A8D1-50D28E7E8E06}
	EndGlobalSection
EndGlobal
